
Microsoft Visual Studio Solution File, Format Version 12.00
# Visual Studio 14
VisualStudioVersion = 14.0.25420.1
MinimumVisualStudioVersion = 10.0.40219.1
Project("{FAE04EC0-301F-11D3-BF4B-00C04F79EFBC}") = "DMS.Modelos", "DMS.Modelos\DMS.Modelos.csproj", "{F826365A-1051-4308-BFE1-1E9F8D6F5E2E}"
EndProject
Project("{FAE04EC0-301F-11D3-BF4B-00C04F79EFBC}") = "DMS.InterfazUsuario", "DMS.InterfazUsuario\DMS.InterfazUsuario.csproj", "{9821D93D-B423-4D0F-8BF1-630C34F5B4A1}"
EndProject
Project("{FAE04EC0-301F-11D3-BF4B-00C04F79EFBC}") = "DMS.UtilidadesDesktop", "DMS.UtilidadesDesktop\DMS.UtilidadesDesktop.csproj", "{EA42136D-41FF-4055-9EB5-616B33BE986F}"
EndProject
Project("{FAE04EC0-301F-11D3-BF4B-00C04F79EFBC}") = "DMS.db", "DMS.db\DMS.db.csproj", "{7AE5E7A4-CE22-4978-B9E0-8B00E929A837}"
EndProject
Project("{FAE04EC0-301F-11D3-BF4B-00C04F79EFBC}") = "DMS.DAO", "DMS.DAO\DMS.DAO.csproj", "{51B0A024-73F6-4DAA-8CAD-1B5A75B6F7B6}"
EndProject
Project("{FAE04EC0-301F-11D3-BF4B-00C04F79EFBC}") = "DMS.Servicio", "DMS.Servicio\DMS.Servicio.csproj", "{D35239C4-D8FB-4BDB-9B4F-246062C82399}"
EndProject
Project("{FAE04EC0-301F-11D3-BF4B-00C04F79EFBC}") = "DMS.RevisionUsuarios", "DMS.RevisionUsuarios\DMS.RevisionUsuarios.csproj", "{BC01AF34-6F15-4C77-AD5A-508D25CF04DB}"
EndProject
Project("{FAE04EC0-301F-11D3-BF4B-00C04F79EFBC}") = "DMS.Componentes", "DMS.Componentes\DMS.Componentes.csproj", "{868F1068-738E-45E8-AEE2-39C0C92CF32C}"
EndProject
Project("{FAE04EC0-301F-11D3-BF4B-00C04F79EFBC}") = "DMS.DBComponents", "DMS.DBComponents\DMS.DBComponents.csproj", "{8FFA0F29-4380-4493-8F67-A355A758ACD2}"
EndProject
Project("{FAE04EC0-301F-11D3-BF4B-00C04F79EFBC}") = "DMS.DAOComponents", "DMS.DAOComponents\DMS.DAOComponents.csproj", "{C549427B-3EA5-4F7F-97BA-DDF27433E62F}"
EndProject
Global
	GlobalSection(SolutionConfigurationPlatforms) = preSolution
		Debug|Any CPU = Debug|Any CPU
		Release|Any CPU = Release|Any CPU
	EndGlobalSection
	GlobalSection(ProjectConfigurationPlatforms) = postSolution
		{F826365A-1051-4308-BFE1-1E9F8D6F5E2E}.Debug|Any CPU.ActiveCfg = Debug|Any CPU
		{F826365A-1051-4308-BFE1-1E9F8D6F5E2E}.Debug|Any CPU.Build.0 = Debug|Any CPU
		{F826365A-1051-4308-BFE1-1E9F8D6F5E2E}.Release|Any CPU.ActiveCfg = Release|Any CPU
		{F826365A-1051-4308-BFE1-1E9F8D6F5E2E}.Release|Any CPU.Build.0 = Release|Any CPU
		{9821D93D-B423-4D0F-8BF1-630C34F5B4A1}.Debug|Any CPU.ActiveCfg = Debug|Any CPU
		{9821D93D-B423-4D0F-8BF1-630C34F5B4A1}.Debug|Any CPU.Build.0 = Debug|Any CPU
		{9821D93D-B423-4D0F-8BF1-630C34F5B4A1}.Release|Any CPU.ActiveCfg = Release|Any CPU
		{9821D93D-B423-4D0F-8BF1-630C34F5B4A1}.Release|Any CPU.Build.0 = Release|Any CPU
		{EA42136D-41FF-4055-9EB5-616B33BE986F}.Debug|Any CPU.ActiveCfg = Debug|Any CPU
		{EA42136D-41FF-4055-9EB5-616B33BE986F}.Debug|Any CPU.Build.0 = Debug|Any CPU
		{EA42136D-41FF-4055-9EB5-616B33BE986F}.Release|Any CPU.ActiveCfg = Release|Any CPU
		{EA42136D-41FF-4055-9EB5-616B33BE986F}.Release|Any CPU.Build.0 = Release|Any CPU
		{7AE5E7A4-CE22-4978-B9E0-8B00E929A837}.Debug|Any CPU.ActiveCfg = Debug|Any CPU
		{7AE5E7A4-CE22-4978-B9E0-8B00E929A837}.Debug|Any CPU.Build.0 = Debug|Any CPU
		{7AE5E7A4-CE22-4978-B9E0-8B00E929A837}.Release|Any CPU.ActiveCfg = Release|Any CPU
		{7AE5E7A4-CE22-4978-B9E0-8B00E929A837}.Release|Any CPU.Build.0 = Release|Any CPU
		{51B0A024-73F6-4DAA-8CAD-1B5A75B6F7B6}.Debug|Any CPU.ActiveCfg = Debug|Any CPU
		{51B0A024-73F6-4DAA-8CAD-1B5A75B6F7B6}.Debug|Any CPU.Build.0 = Debug|Any CPU
		{51B0A024-73F6-4DAA-8CAD-1B5A75B6F7B6}.Release|Any CPU.ActiveCfg = Release|Any CPU
		{51B0A024-73F6-4DAA-8CAD-1B5A75B6F7B6}.Release|Any CPU.Build.0 = Release|Any CPU
		{D35239C4-D8FB-4BDB-9B4F-246062C82399}.Debug|Any CPU.ActiveCfg = Debug|Any CPU
		{D35239C4-D8FB-4BDB-9B4F-246062C82399}.Debug|Any CPU.Build.0 = Debug|Any CPU
		{D35239C4-D8FB-4BDB-9B4F-246062C82399}.Release|Any CPU.ActiveCfg = Release|Any CPU
		{D35239C4-D8FB-4BDB-9B4F-246062C82399}.Release|Any CPU.Build.0 = Release|Any CPU
		{BC01AF34-6F15-4C77-AD5A-508D25CF04DB}.Debug|Any CPU.ActiveCfg = Debug|Any CPU
		{BC01AF34-6F15-4C77-AD5A-508D25CF04DB}.Debug|Any CPU.Build.0 = Debug|Any CPU
		{BC01AF34-6F15-4C77-AD5A-508D25CF04DB}.Release|Any CPU.ActiveCfg = Release|Any CPU
		{BC01AF34-6F15-4C77-AD5A-508D25CF04DB}.Release|Any CPU.Build.0 = Release|Any CPU
		{868F1068-738E-45E8-AEE2-39C0C92CF32C}.Debug|Any CPU.ActiveCfg = Debug|Any CPU
		{868F1068-738E-45E8-AEE2-39C0C92CF32C}.Debug|Any CPU.Build.0 = Debug|Any CPU
		{868F1068-738E-45E8-AEE2-39C0C92CF32C}.Release|Any CPU.ActiveCfg = Release|Any CPU
		{868F1068-738E-45E8-AEE2-39C0C92CF32C}.Release|Any CPU.Build.0 = Release|Any CPU
		{8FFA0F29-4380-4493-8F67-A355A758ACD2}.Debug|Any CPU.ActiveCfg = Debug|Any CPU
		{8FFA0F29-4380-4493-8F67-A355A758ACD2}.Debug|Any CPU.Build.0 = Debug|Any CPU
		{8FFA0F29-4380-4493-8F67-A355A758ACD2}.Release|Any CPU.ActiveCfg = Release|Any CPU
		{8FFA0F29-4380-4493-8F67-A355A758ACD2}.Release|Any CPU.Build.0 = Release|Any CPU
		{C549427B-3EA5-4F7F-97BA-DDF27433E62F}.Debug|Any CPU.ActiveCfg = Debug|Any CPU
		{C549427B-3EA5-4F7F-97BA-DDF27433E62F}.Debug|Any CPU.Build.0 = Debug|Any CPU
		{C549427B-3EA5-4F7F-97BA-DDF27433E62F}.Release|Any CPU.ActiveCfg = Release|Any CPU
		{C549427B-3EA5-4F7F-97BA-DDF27433E62F}.Release|Any CPU.Build.0 = Release|Any CPU
	EndGlobalSection
	GlobalSection(SolutionProperties) = preSolution
		HideSolutionNode = FALSE
	EndGlobalSection
EndGlobal
